// !$*UTF8*$!
{
	archiveVersion = 1;
	classes = {
	};
	objectVersion = 50;
	objects = {

/* Begin PBXBuildFile section */
		79536CE821818F7000340397 /* AppDelegate.swift in Sources */ = {isa = PBXBuildFile; fileRef = 79536CE721818F7000340397 /* AppDelegate.swift */; };
		79536CEA21818F7000340397 /* ViewController.swift in Sources */ = {isa = PBXBuildFile; fileRef = 79536CE921818F7000340397 /* ViewController.swift */; };
		79536CED21818F7100340397 /* Main.storyboard in Resources */ = {isa = PBXBuildFile; fileRef = 79536CEB21818F7100340397 /* Main.storyboard */; };
		79536CEF21818F7500340397 /* Assets.xcassets in Resources */ = {isa = PBXBuildFile; fileRef = 79536CEE21818F7500340397 /* Assets.xcassets */; };
		79536CF221818F7600340397 /* LaunchScreen.storyboard in Resources */ = {isa = PBXBuildFile; fileRef = 79536CF021818F7500340397 /* LaunchScreen.storyboard */; };
		79536CFD21818F7600340397 /* EWMBProgressHUDTests.swift in Sources */ = {isa = PBXBuildFile; fileRef = 79536CFC21818F7600340397 /* EWMBProgressHUDTests.swift */; };
		79536D0821818F7600340397 /* EWMBProgressHUDUITests.swift in Sources */ = {isa = PBXBuildFile; fileRef = 79536D0721818F7600340397 /* EWMBProgressHUDUITests.swift */; };
		79536D162181916600340397 /* EWMBProgressHUD.swift in Sources */ = {isa = PBXBuildFile; fileRef = 79536D152181916600340397 /* EWMBProgressHUD.swift */; };
		EF9830456909EB3C245B9870 /* Pods_EWMBProgressHUD.framework in Frameworks */ = {isa = PBXBuildFile; fileRef = CC884B5567D92F22836E5C54 /* Pods_EWMBProgressHUD.framework */; };
/* End PBXBuildFile section */

/* Begin PBXContainerItemProxy section */
		79536CF921818F7600340397 /* PBXContainerItemProxy */ = {
			isa = PBXContainerItemProxy;
			containerPortal = 79536CDC21818F7000340397 /* Project object */;
			proxyType = 1;
			remoteGlobalIDString = 79536CE321818F7000340397;
			remoteInfo = EWMBProgressHUD;
		};
		79536D0421818F7600340397 /* PBXContainerItemProxy */ = {
			isa = PBXContainerItemProxy;
			containerPortal = 79536CDC21818F7000340397 /* Project object */;
			proxyType = 1;
			remoteGlobalIDString = 79536CE321818F7000340397;
			remoteInfo = EWMBProgressHUD;
		};
/* End PBXContainerItemProxy section */

/* Begin PBXFileReference section */
		220D2E6A2BFA4FF843E00581 /* Pods-EWMBProgressHUD.release.xcconfig */ = {isa = PBXFileReference; includeInIndex = 1; lastKnownFileType = text.xcconfig; name = "Pods-EWMBProgressHUD.release.xcconfig"; path = "Pods/Target Support Files/Pods-EWMBProgressHUD/Pods-EWMBProgressHUD.release.xcconfig"; sourceTree = "<group>"; };
		79536CE421818F7000340397 /* EWMBProgressHUD.app */ = {isa = PBXFileReference; explicitFileType = wrapper.application; includeInIndex = 0; path = EWMBProgressHUD.app; sourceTree = BUILT_PRODUCTS_DIR; };
		79536CE721818F7000340397 /* AppDelegate.swift */ = {isa = PBXFileReference; lastKnownFileType = sourcecode.swift; path = AppDelegate.swift; sourceTree = "<group>"; };
		79536CE921818F7000340397 /* ViewController.swift */ = {isa = PBXFileReference; lastKnownFileType = sourcecode.swift; path = ViewController.swift; sourceTree = "<group>"; };
		79536CEC21818F7100340397 /* Base */ = {isa = PBXFileReference; lastKnownFileType = file.storyboard; name = Base; path = Base.lproj/Main.storyboard; sourceTree = "<group>"; };
		79536CEE21818F7500340397 /* Assets.xcassets */ = {isa = PBXFileReference; lastKnownFileType = folder.assetcatalog; path = Assets.xcassets; sourceTree = "<group>"; };
		79536CF121818F7500340397 /* Base */ = {isa = PBXFileReference; lastKnownFileType = file.storyboard; name = Base; path = Base.lproj/LaunchScreen.storyboard; sourceTree = "<group>"; };
		79536CF321818F7600340397 /* Info.plist */ = {isa = PBXFileReference; lastKnownFileType = text.plist.xml; path = Info.plist; sourceTree = "<group>"; };
		79536CF821818F7600340397 /* EWMBProgressHUDTests.xctest */ = {isa = PBXFileReference; explicitFileType = wrapper.cfbundle; includeInIndex = 0; path = EWMBProgressHUDTests.xctest; sourceTree = BUILT_PRODUCTS_DIR; };
		79536CFC21818F7600340397 /* EWMBProgressHUDTests.swift */ = {isa = PBXFileReference; lastKnownFileType = sourcecode.swift; path = EWMBProgressHUDTests.swift; sourceTree = "<group>"; };
		79536CFE21818F7600340397 /* Info.plist */ = {isa = PBXFileReference; lastKnownFileType = text.plist.xml; path = Info.plist; sourceTree = "<group>"; };
		79536D0321818F7600340397 /* EWMBProgressHUDUITests.xctest */ = {isa = PBXFileReference; explicitFileType = wrapper.cfbundle; includeInIndex = 0; path = EWMBProgressHUDUITests.xctest; sourceTree = BUILT_PRODUCTS_DIR; };
		79536D0721818F7600340397 /* EWMBProgressHUDUITests.swift */ = {isa = PBXFileReference; lastKnownFileType = sourcecode.swift; path = EWMBProgressHUDUITests.swift; sourceTree = "<group>"; };
		79536D0921818F7600340397 /* Info.plist */ = {isa = PBXFileReference; lastKnownFileType = text.plist.xml; path = Info.plist; sourceTree = "<group>"; };
		79536D152181916600340397 /* EWMBProgressHUD.swift */ = {isa = PBXFileReference; lastKnownFileType = sourcecode.swift; path = EWMBProgressHUD.swift; sourceTree = "<group>"; };
		CC884B5567D92F22836E5C54 /* Pods_EWMBProgressHUD.framework */ = {isa = PBXFileReference; explicitFileType = wrapper.framework; includeInIndex = 0; path = Pods_EWMBProgressHUD.framework; sourceTree = BUILT_PRODUCTS_DIR; };
		ED4136402B491E463C09280D /* Pods-EWMBProgressHUD.debug.xcconfig */ = {isa = PBXFileReference; includeInIndex = 1; lastKnownFileType = text.xcconfig; name = "Pods-EWMBProgressHUD.debug.xcconfig"; path = "Pods/Target Support Files/Pods-EWMBProgressHUD/Pods-EWMBProgressHUD.debug.xcconfig"; sourceTree = "<group>"; };
/* End PBXFileReference section */

/* Begin PBXFrameworksBuildPhase section */
		79536CE121818F7000340397 /* Frameworks */ = {
			isa = PBXFrameworksBuildPhase;
			buildActionMask = 2147483647;
			files = (
				EF9830456909EB3C245B9870 /* Pods_EWMBProgressHUD.framework in Frameworks */,
			);
			runOnlyForDeploymentPostprocessing = 0;
		};
		79536CF521818F7600340397 /* Frameworks */ = {
			isa = PBXFrameworksBuildPhase;
			buildActionMask = 2147483647;
			files = (
			);
			runOnlyForDeploymentPostprocessing = 0;
		};
		79536D0021818F7600340397 /* Frameworks */ = {
			isa = PBXFrameworksBuildPhase;
			buildActionMask = 2147483647;
			files = (
			);
			runOnlyForDeploymentPostprocessing = 0;
		};
/* End PBXFrameworksBuildPhase section */

/* Begin PBXGroup section */
		79536CDB21818F7000340397 = {
			isa = PBXGroup;
			children = (
				79536CE621818F7000340397 /* EWMBProgressHUD */,
				79536CFB21818F7600340397 /* EWMBProgressHUDTests */,
				79536D0621818F7600340397 /* EWMBProgressHUDUITests */,
				79536CE521818F7000340397 /* Products */,
				AEACB7C1F011DCE1113BC5DD /* Pods */,
				9FD9A85753693D03B4992240 /* Frameworks */,
			);
			sourceTree = "<group>";
		};
		79536CE521818F7000340397 /* Products */ = {
			isa = PBXGroup;
			children = (
				79536CE421818F7000340397 /* EWMBProgressHUD.app */,
				79536CF821818F7600340397 /* EWMBProgressHUDTests.xctest */,
				79536D0321818F7600340397 /* EWMBProgressHUDUITests.xctest */,
			);
			name = Products;
			sourceTree = "<group>";
		};
		79536CE621818F7000340397 /* EWMBProgressHUD */ = {
			isa = PBXGroup;
			children = (
				79536D152181916600340397 /* EWMBProgressHUD.swift */,
				79536CE921818F7000340397 /* ViewController.swift */,
				79536CEB21818F7100340397 /* Main.storyboard */,
				79536CEE21818F7500340397 /* Assets.xcassets */,
				79536CE721818F7000340397 /* AppDelegate.swift */,
				79536CF021818F7500340397 /* LaunchScreen.storyboard */,
				79536CF321818F7600340397 /* Info.plist */,
			);
			path = EWMBProgressHUD;
			sourceTree = "<group>";
		};
		79536CFB21818F7600340397 /* EWMBProgressHUDTests */ = {
			isa = PBXGroup;
			children = (
				79536CFC21818F7600340397 /* EWMBProgressHUDTests.swift */,
				79536CFE21818F7600340397 /* Info.plist */,
			);
			path = EWMBProgressHUDTests;
			sourceTree = "<group>";
		};
		79536D0621818F7600340397 /* EWMBProgressHUDUITests */ = {
			isa = PBXGroup;
			children = (
				79536D0721818F7600340397 /* EWMBProgressHUDUITests.swift */,
				79536D0921818F7600340397 /* Info.plist */,
			);
			path = EWMBProgressHUDUITests;
			sourceTree = "<group>";
		};
		9FD9A85753693D03B4992240 /* Frameworks */ = {
			isa = PBXGroup;
			children = (
				CC884B5567D92F22836E5C54 /* Pods_EWMBProgressHUD.framework */,
			);
			name = Frameworks;
			sourceTree = "<group>";
		};
		AEACB7C1F011DCE1113BC5DD /* Pods */ = {
			isa = PBXGroup;
			children = (
				ED4136402B491E463C09280D /* Pods-EWMBProgressHUD.debug.xcconfig */,
				220D2E6A2BFA4FF843E00581 /* Pods-EWMBProgressHUD.release.xcconfig */,
			);
			name = Pods;
			sourceTree = "<group>";
		};
/* End PBXGroup section */

/* Begin PBXNativeTarget section */
		79536CE321818F7000340397 /* EWMBProgressHUD */ = {
			isa = PBXNativeTarget;
			buildConfigurationList = 79536D0C21818F7600340397 /* Build configuration list for PBXNativeTarget "EWMBProgressHUD" */;
			buildPhases = (
				DEEB644D244E1FD668349A9C /* [CP] Check Pods Manifest.lock */,
				79536CE021818F7000340397 /* Sources */,
				79536CE121818F7000340397 /* Frameworks */,
				79536CE221818F7000340397 /* Resources */,
				49B236DC48584051330EEB45 /* [CP] Embed Pods Frameworks */,
				7985883F2238FF2500F21106 /* ShellScript */,
			);
			buildRules = (
			);
			dependencies = (
			);
			name = EWMBProgressHUD;
			productName = EWMBProgressHUD;
			productReference = 79536CE421818F7000340397 /* EWMBProgressHUD.app */;
			productType = "com.apple.product-type.application";
		};
		79536CF721818F7600340397 /* EWMBProgressHUDTests */ = {
			isa = PBXNativeTarget;
			buildConfigurationList = 79536D0F21818F7600340397 /* Build configuration list for PBXNativeTarget "EWMBProgressHUDTests" */;
			buildPhases = (
				79536CF421818F7600340397 /* Sources */,
				79536CF521818F7600340397 /* Frameworks */,
				79536CF621818F7600340397 /* Resources */,
			);
			buildRules = (
			);
			dependencies = (
				79536CFA21818F7600340397 /* PBXTargetDependency */,
			);
			name = EWMBProgressHUDTests;
			productName = EWMBProgressHUDTests;
			productReference = 79536CF821818F7600340397 /* EWMBProgressHUDTests.xctest */;
			productType = "com.apple.product-type.bundle.unit-test";
		};
		79536D0221818F7600340397 /* EWMBProgressHUDUITests */ = {
			isa = PBXNativeTarget;
			buildConfigurationList = 79536D1221818F7600340397 /* Build configuration list for PBXNativeTarget "EWMBProgressHUDUITests" */;
			buildPhases = (
				79536CFF21818F7600340397 /* Sources */,
				79536D0021818F7600340397 /* Frameworks */,
				79536D0121818F7600340397 /* Resources */,
			);
			buildRules = (
			);
			dependencies = (
				79536D0521818F7600340397 /* PBXTargetDependency */,
			);
			name = EWMBProgressHUDUITests;
			productName = EWMBProgressHUDUITests;
			productReference = 79536D0321818F7600340397 /* EWMBProgressHUDUITests.xctest */;
			productType = "com.apple.product-type.bundle.ui-testing";
		};
/* End PBXNativeTarget section */

/* Begin PBXProject section */
		79536CDC21818F7000340397 /* Project object */ = {
			isa = PBXProject;
			attributes = {
				LastSwiftUpdateCheck = 1000;
				LastUpgradeCheck = 1000;
				ORGANIZATIONNAME = Ethan;
				TargetAttributes = {
					79536CE321818F7000340397 = {
						CreatedOnToolsVersion = 10.0;
					};
					79536CF721818F7600340397 = {
						CreatedOnToolsVersion = 10.0;
						TestTargetID = 79536CE321818F7000340397;
					};
					79536D0221818F7600340397 = {
						CreatedOnToolsVersion = 10.0;
						TestTargetID = 79536CE321818F7000340397;
					};
				};
			};
			buildConfigurationList = 79536CDF21818F7000340397 /* Build configuration list for PBXProject "EWMBProgressHUD" */;
			compatibilityVersion = "Xcode 9.3";
			developmentRegion = en;
			hasScannedForEncodings = 0;
			knownRegions = (
				en,
				Base,
			);
			mainGroup = 79536CDB21818F7000340397;
			productRefGroup = 79536CE521818F7000340397 /* Products */;
			projectDirPath = "";
			projectRoot = "";
			targets = (
				79536CE321818F7000340397 /* EWMBProgressHUD */,
				79536CF721818F7600340397 /* EWMBProgressHUDTests */,
				79536D0221818F7600340397 /* EWMBProgressHUDUITests */,
			);
		};
/* End PBXProject section */

/* Begin PBXResourcesBuildPhase section */
		79536CE221818F7000340397 /* Resources */ = {
			isa = PBXResourcesBuildPhase;
			buildActionMask = 2147483647;
			files = (
				79536CF221818F7600340397 /* LaunchScreen.storyboard in Resources */,
				79536CEF21818F7500340397 /* Assets.xcassets in Resources */,
				79536CED21818F7100340397 /* Main.storyboard in Resources */,
			);
			runOnlyForDeploymentPostprocessing = 0;
		};
		79536CF621818F7600340397 /* Resources */ = {
			isa = PBXResourcesBuildPhase;
			buildActionMask = 2147483647;
			files = (
			);
			runOnlyForDeploymentPostprocessing = 0;
		};
		79536D0121818F7600340397 /* Resources */ = {
			isa = PBXResourcesBuildPhase;
			buildActionMask = 2147483647;
			files = (
			);
			runOnlyForDeploymentPostprocessing = 0;
		};
/* End PBXResourcesBuildPhase section */

/* Begin PBXShellScriptBuildPhase section */
		49B236DC48584051330EEB45 /* [CP] Embed Pods Frameworks */ = {
			isa = PBXShellScriptBuildPhase;
			buildActionMask = 2147483647;
			files = (
			);
			inputPaths = (
				"${SRCROOT}/Pods/Target Support Files/Pods-EWMBProgressHUD/Pods-EWMBProgressHUD-frameworks.sh",
				"${BUILT_PRODUCTS_DIR}/MBProgressHUD/MBProgressHUD.framework",
			);
			name = "[CP] Embed Pods Frameworks";
			outputPaths = (
				"${TARGET_BUILD_DIR}/${FRAMEWORKS_FOLDER_PATH}/MBProgressHUD.framework",
			);
			runOnlyForDeploymentPostprocessing = 0;
			shellPath = /bin/sh;
			shellScript = "\"${SRCROOT}/Pods/Target Support Files/Pods-EWMBProgressHUD/Pods-EWMBProgressHUD-frameworks.sh\"\n";
			showEnvVarsInLog = 0;
		};
		7985883F2238FF2500F21106 /* ShellScript */ = {
			isa = PBXShellScriptBuildPhase;
			buildActionMask = 2147483647;
			files = (
			);
			inputFileListPaths = (
			);
			inputPaths = (
			);
			outputFileListPaths = (
			);
			outputPaths = (
			);
			runOnlyForDeploymentPostprocessing = 0;
			shellPath = /bin/sh;
			shellScript = "if which swiftlint >/dev/null; then\nswiftlint\nelse\necho \"warning: SwiftLint not installed, download from https://github.com/realm/SwiftLint\"\nfi\n";
		};
		DEEB644D244E1FD668349A9C /* [CP] Check Pods Manifest.lock */ = {
			isa = PBXShellScriptBuildPhase;
			buildActionMask = 2147483647;
			files = (
			);
			inputPaths = (
				"${PODS_PODFILE_DIR_PATH}/Podfile.lock",
				"${PODS_ROOT}/Manifest.lock",
			);
			name = "[CP] Check Pods Manifest.lock";
			outputPaths = (
				"$(DERIVED_FILE_DIR)/Pods-EWMBProgressHUD-checkManifestLockResult.txt",
			);
			runOnlyForDeploymentPostprocessing = 0;
			shellPath = /bin/sh;
			shellScript = "diff \"${PODS_PODFILE_DIR_PATH}/Podfile.lock\" \"${PODS_ROOT}/Manifest.lock\" > /dev/null\nif [ $? != 0 ] ; then\n    # print error to STDERR\n    echo \"error: The sandbox is not in sync with the Podfile.lock. Run 'pod install' or update your CocoaPods installation.\" >&2\n    exit 1\nfi\n# This output is used by Xcode 'outputs' to avoid re-running this script phase.\necho \"SUCCESS\" > \"${SCRIPT_OUTPUT_FILE_0}\"\n";
			showEnvVarsInLog = 0;
		};
/* End PBXShellScriptBuildPhase section */

/* Begin PBXSourcesBuildPhase section */
		79536CE021818F7000340397 /* Sources */ = {
			isa = PBXSourcesBuildPhase;
			buildActionMask = 2147483647;
			files = (
				79536CEA21818F7000340397 /* ViewController.swift in Sources */,
				79536D162181916600340397 /* EWMBProgressHUD.swift in Sources */,
				79536CE821818F7000340397 /* AppDelegate.swift in Sources */,
			);
			runOnlyForDeploymentPostprocessing = 0;
		};
		79536CF421818F7600340397 /* Sources */ = {
			isa = PBXSourcesBuildPhase;
			buildActionMask = 2147483647;
			files = (
				79536CFD21818F7600340397 /* EWMBProgressHUDTests.swift in Sources */,
			);
			runOnlyForDeploymentPostprocessing = 0;
		};
		79536CFF21818F7600340397 /* Sources */ = {
			isa = PBXSourcesBuildPhase;
			buildActionMask = 2147483647;
			files = (
				79536D0821818F7600340397 /* EWMBProgressHUDUITests.swift in Sources */,
			);
			runOnlyForDeploymentPostprocessing = 0;
		};
/* End PBXSourcesBuildPhase section */

/* Begin PBXTargetDependency section */
		79536CFA21818F7600340397 /* PBXTargetDependency */ = {
			isa = PBXTargetDependency;
			target = 79536CE321818F7000340397 /* EWMBProgressHUD */;
			targetProxy = 79536CF921818F7600340397 /* PBXContainerItemProxy */;
		};
		79536D0521818F7600340397 /* PBXTargetDependency */ = {
			isa = PBXTargetDependency;
			target = 79536CE321818F7000340397 /* EWMBProgressHUD */;
			targetProxy = 79536D0421818F7600340397 /* PBXContainerItemProxy */;
		};
/* End PBXTargetDependency section */

/* Begin PBXVariantGroup section */
		79536CEB21818F7100340397 /* Main.storyboard */ = {
			isa = PBXVariantGroup;
			children = (
				79536CEC21818F7100340397 /* Base */,
			);
			name = Main.storyboard;
			sourceTree = "<group>";
		};
		79536CF021818F7500340397 /* LaunchScreen.storyboard */ = {
			isa = PBXVariantGroup;
			children = (
				79536CF121818F7500340397 /* Base */,
			);
			name = LaunchScreen.storyboard;
			sourceTree = "<group>";
		};
/* End PBXVariantGroup section */

/* Begin XCBuildConfiguration section */
		79536D0A21818F7600340397 /* Debug */ = {
			isa = XCBuildConfiguration;
			buildSettings = {
				ALWAYS_SEARCH_USER_PATHS = NO;
				CLANG_ANALYZER_NONNULL = YES;
				CLANG_ANALYZER_NUMBER_OBJECT_CONVERSION = YES_AGGRESSIVE;
				CLANG_CXX_LANGUAGE_STANDARD = "gnu++14";
				CLANG_CXX_LIBRARY = "libc++";
				CLANG_ENABLE_MODULES = YES;
				CLANG_ENABLE_OBJC_ARC = YES;
				CLANG_ENABLE_OBJC_WEAK = YES;
				CLANG_WARN_BLOCK_CAPTURE_AUTORELEASING = YES;
				CLANG_WARN_BOOL_CONVERSION = YES;
				CLANG_WARN_COMMA = YES;
				CLANG_WARN_CONSTANT_CONVERSION = YES;
				CLANG_WARN_DEPRECATED_OBJC_IMPLEMENTATIONS = YES;
				CLANG_WARN_DIRECT_OBJC_ISA_USAGE = YES_ERROR;
				CLANG_WARN_DOCUMENTATION_COMMENTS = YES;
				CLANG_WARN_EMPTY_BODY = YES;
				CLANG_WARN_ENUM_CONVERSION = YES;
				CLANG_WARN_INFINITE_RECURSION = YES;
				CLANG_WARN_INT_CONVERSION = YES;
				CLANG_WARN_NON_LITERAL_NULL_CONVERSION = YES;
				CLANG_WARN_OBJC_IMPLICIT_RETAIN_SELF = YES;
				CLANG_WARN_OBJC_LITERAL_CONVERSION = YES;
				CLANG_WARN_OBJC_ROOT_CLASS = YES_ERROR;
				CLANG_WARN_RANGE_LOOP_ANALYSIS = YES;
				CLANG_WARN_STRICT_PROTOTYPES = YES;
				CLANG_WARN_SUSPICIOUS_MOVE = YES;
				CLANG_WARN_UNGUARDED_AVAILABILITY = YES_AGGRESSIVE;
				CLANG_WARN_UNREACHABLE_CODE = YES;
				CLANG_WARN__DUPLICATE_METHOD_MATCH = YES;
				CODE_SIGN_IDENTITY = "iPhone Developer";
				COPY_PHASE_STRIP = NO;
				DEBUG_INFORMATION_FORMAT = dwarf;
				ENABLE_STRICT_OBJC_MSGSEND = YES;
				ENABLE_TESTABILITY = YES;
				GCC_C_LANGUAGE_STANDARD = gnu11;
				GCC_DYNAMIC_NO_PIC = NO;
				GCC_NO_COMMON_BLOCKS = YES;
				GCC_OPTIMIZATION_LEVEL = 0;
				GCC_PREPROCESSOR_DEFINITIONS = (
					"DEBUG=1",
					"$(inherited)",
				);
				GCC_WARN_64_TO_32_BIT_CONVERSION = YES;
				GCC_WARN_ABOUT_RETURN_TYPE = YES_ERROR;
				GCC_WARN_UNDECLARED_SELECTOR = YES;
				GCC_WARN_UNINITIALIZED_AUTOS = YES_AGGRESSIVE;
				GCC_WARN_UNUSED_FUNCTION = YES;
				GCC_WARN_UNUSED_VARIABLE = YES;
				IPHONEOS_DEPLOYMENT_TARGET = 12.0;
				MTL_ENABLE_DEBUG_INFO = INCLUDE_SOURCE;
				MTL_FAST_MATH = YES;
				ONLY_ACTIVE_ARCH = YES;
				SDKROOT = iphoneos;
				SWIFT_ACTIVE_COMPILATION_CONDITIONS = DEBUG;
				SWIFT_OPTIMIZATION_LEVEL = "-Onone";
			};
			name = Debug;
		};
		79536D0B21818F7600340397 /* Release */ = {
			isa = XCBuildConfiguration;
			buildSettings = {
				ALWAYS_SEARCH_USER_PATHS = NO;
				CLANG_ANALYZER_NONNULL = YES;
				CLANG_ANALYZER_NUMBER_OBJECT_CONVERSION = YES_AGGRESSIVE;
				CLANG_CXX_LANGUAGE_STANDARD = "gnu++14";
				CLANG_CXX_LIBRARY = "libc++";
				CLANG_ENABLE_MODULES = YES;
				CLANG_ENABLE_OBJC_ARC = YES;
				CLANG_ENABLE_OBJC_WEAK = YES;
				CLANG_WARN_BLOCK_CAPTURE_AUTORELEASING = YES;
				CLANG_WARN_BOOL_CONVERSION = YES;
				CLANG_WARN_COMMA = YES;
				CLANG_WARN_CONSTANT_CONVERSION = YES;
				CLANG_WARN_DEPRECATED_OBJC_IMPLEMENTATIONS = YES;
				CLANG_WARN_DIRECT_OBJC_ISA_USAGE = YES_ERROR;
				CLANG_WARN_DOCUMENTATION_COMMENTS = YES;
				CLANG_WARN_EMPTY_BODY = YES;
				CLANG_WARN_ENUM_CONVERSION = YES;
				CLANG_WARN_INFINITE_RECURSION = YES;
				CLANG_WARN_INT_CONVERSION = YES;
				CLANG_WARN_NON_LITERAL_NULL_CONVERSION = YES;
				CLANG_WARN_OBJC_IMPLICIT_RETAIN_SELF = YES;
				CLANG_WARN_OBJC_LITERAL_CONVERSION = YES;
				CLANG_WARN_OBJC_ROOT_CLASS = YES_ERROR;
				CLANG_WARN_RANGE_LOOP_ANALYSIS = YES;
				CLANG_WARN_STRICT_PROTOTYPES = YES;
				CLANG_WARN_SUSPICIOUS_MOVE = YES;
				CLANG_WARN_UNGUARDED_AVAILABILITY = YES_AGGRESSIVE;
				CLANG_WARN_UNREACHABLE_CODE = YES;
				CLANG_WARN__DUPLICATE_METHOD_MATCH = YES;
				CODE_SIGN_IDENTITY = "iPhone Developer";
				COPY_PHASE_STRIP = NO;
				DEBUG_INFORMATION_FORMAT = "dwarf-with-dsym";
				ENABLE_NS_ASSERTIONS = NO;
				ENABLE_STRICT_OBJC_MSGSEND = YES;
				GCC_C_LANGUAGE_STANDARD = gnu11;
				GCC_NO_COMMON_BLOCKS = YES;
				GCC_WARN_64_TO_32_BIT_CONVERSION = YES;
				GCC_WARN_ABOUT_RETURN_TYPE = YES_ERROR;
				GCC_WARN_UNDECLARED_SELECTOR = YES;
				GCC_WARN_UNINITIALIZED_AUTOS = YES_AGGRESSIVE;
				GCC_WARN_UNUSED_FUNCTION = YES;
				GCC_WARN_UNUSED_VARIABLE = YES;
				IPHONEOS_DEPLOYMENT_TARGET = 12.0;
				MTL_ENABLE_DEBUG_INFO = NO;
				MTL_FAST_MATH = YES;
				SDKROOT = iphoneos;
				SWIFT_COMPILATION_MODE = wholemodule;
				SWIFT_OPTIMIZATION_LEVEL = "-O";
				VALIDATE_PRODUCT = YES;
			};
			name = Release;
		};
		79536D0D21818F7600340397 /* Debug */ = {
			isa = XCBuildConfiguration;
			baseConfigurationReference = ED4136402B491E463C09280D /* Pods-EWMBProgressHUD.debug.xcconfig */;
			buildSettings = {
				ASSETCATALOG_COMPILER_APPICON_NAME = AppIcon;
				CODE_SIGN_STYLE = Automatic;
				DEVELOPMENT_TEAM = B8V4DCL3BF;
				INFOPLIST_FILE = EWMBProgressHUD/Info.plist;
				LD_RUNPATH_SEARCH_PATHS = (
					"$(inherited)",
					"@executable_path/Frameworks",
				);
				PRODUCT_BUNDLE_IDENTIFIER = com.Ethan.EWMBProgressHUD;
				PRODUCT_NAME = "$(TARGET_NAME)";
				SWIFT_VERSION = 4.2;
				TARGETED_DEVICE_FAMILY = "1,2";
			};
			name = Debug;
		};
		79536D0E21818F7600340397 /* Release */ = {
			isa = XCBuildConfiguration;
			baseConfigurationReference = 220D2E6A2BFA4FF843E00581 /* Pods-EWMBProgressHUD.release.xcconfig */;
			buildSettings = {
				ASSETCATALOG_COMPILER_APPICON_NAME = AppIcon;
				CODE_SIGN_STYLE = Automatic;
				DEVELOPMENT_TEAM = B8V4DCL3BF;
				INFOPLIST_FILE = EWMBProgressHUD/Info.plist;
				LD_RUNPATH_SEARCH_PATHS = (
					"$(inherited)",
					"@executable_path/Frameworks",
				);
				PRODUCT_BUNDLE_IDENTIFIER = com.Ethan.EWMBProgressHUD;
				PRODUCT_NAME = "$(TARGET_NAME)";
				SWIFT_VERSION = 4.2;
				TARGETED_DEVICE_FAMILY = "1,2";
			};
			name = Release;
		};
		79536D1021818F7600340397 /* Debug */ = {
			isa = XCBuildConfiguration;
			buildSettings = {
				ALWAYS_EMBED_SWIFT_STANDARD_LIBRARIES = YES;
				BUNDLE_LOADER = "$(TEST_HOST)";
				CODE_SIGN_STYLE = Automatic;
				DEVELOPMENT_TEAM = B8V4DCL3BF;
				INFOPLIST_FILE = EWMBProgressHUDTests/Info.plist;
				LD_RUNPATH_SEARCH_PATHS = (
					"$(inherited)",
					"@executable_path/Frameworks",
					"@loader_path/Frameworks",
				);
				PRODUCT_BUNDLE_IDENTIFIER = com.Ethan.EWMBProgressHUDTests;
				PRODUCT_NAME = "$(TARGET_NAME)";
				SWIFT_VERSION = 4.2;
				TARGETED_DEVICE_FAMILY = "1,2";
				TEST_HOST = "$(BUILT_PRODUCTS_DIR)/EWMBProgressHUD.app/EWMBProgressHUD";
			};
			name = Debug;
		};
		79536D1121818F7600340397 /* Release */ = {
			isa = XCBuildConfiguration;
			buildSettings = {
				ALWAYS_EMBED_SWIFT_STANDARD_LIBRARIES = YES;
				BUNDLE_LOADER = "$(TEST_HOST)";
				CODE_SIGN_STYLE = Automatic;
				DEVELOPMENT_TEAM = B8V4DCL3BF;
				INFOPLIST_FILE = EWMBProgressHUDTests/Info.plist;
				LD_RUNPATH_SEARCH_PATHS = (
					"$(inherited)",
					"@executable_path/Frameworks",
					"@loader_path/Frameworks",
				);
				PRODUCT_BUNDLE_IDENTIFIER = com.Ethan.EWMBProgressHUDTests;
				PRODUCT_NAME = "$(TARGET_NAME)";
				SWIFT_VERSION = 4.2;
				TARGETED_DEVICE_FAMILY = "1,2";
				TEST_HOST = "$(BUILT_PRODUCTS_DIR)/EWMBProgressHUD.app/EWMBProgressHUD";
			};
			name = Release;
		};
		79536D1321818F7600340397 /* Debug */ = {
			isa = XCBuildConfiguration;
			buildSettings = {
				ALWAYS_EMBED_SWIFT_STANDARD_LIBRARIES = YES;
				CODE_SIGN_STYLE = Automatic;
				DEVELOPMENT_TEAM = B8V4DCL3BF;
				INFOPLIST_FILE = EWMBProgressHUDUITests/Info.plist;
				LD_RUNPATH_SEARCH_PATHS = (
					"$(inherited)",
					"@executable_path/Frameworks",
					"@loader_path/Frameworks",
				);
				PRODUCT_BUNDLE_IDENTIFIER = com.Ethan.EWMBProgressHUDUITests;
				PRODUCT_NAME = "$(TARGET_NAME)";
				SWIFT_VERSION = 4.2;
				TARGETED_DEVICE_FAMILY = "1,2";
				TEST_TARGET_NAME = EWMBProgressHUD;
			};
			name = Debug;
		};
		79536D1421818F7600340397 /* Release */ = {
			isa = XCBuildConfiguration;
			buildSettings = {
				ALWAYS_EMBED_SWIFT_STANDARD_LIBRARIES = YES;
				CODE_SIGN_STYLE = Automatic;
				DEVELOPMENT_TEAM = B8V4DCL3BF;
				INFOPLIST_FILE = EWMBProgressHUDUITests/Info.plist;
				LD_RUNPATH_SEARCH_PATHS = (
					"$(inherited)",
					"@executable_path/Frameworks",
					"@loader_path/Frameworks",
				);
				PRODUCT_BUNDLE_IDENTIFIER = com.Ethan.EWMBProgressHUDUITests;
				PRODUCT_NAME = "$(TARGET_NAME)";
				SWIFT_VERSION = 4.2;
				TARGETED_DEVICE_FAMILY = "1,2";
				TEST_TARGET_NAME = EWMBProgressHUD;
			};
			name = Release;
		};
/* End XCBuildConfiguration section */

/* Begin XCConfigurationList section */
		79536CDF21818F7000340397 /* Build configuration list for PBXProject "EWMBProgressHUD" */ = {
			isa = XCConfigurationList;
			buildConfigurations = (
				79536D0A21818F7600340397 /* Debug */,
				79536D0B21818F7600340397 /* Release */,
			);
			defaultConfigurationIsVisible = 0;
			defaultConfigurationName = Release;
		};
		79536D0C21818F7600340397 /* Build configuration list for PBXNativeTarget "EWMBProgressHUD" */ = {
			isa = XCConfigurationList;
			buildConfigurations = (
				79536D0D21818F7600340397 /* Debug */,
				79536D0E21818F7600340397 /* Release */,
			);
			defaultConfigurationIsVisible = 0;
			defaultConfigurationName = Release;
		};
		79536D0F21818F7600340397 /* Build configuration list for PBXNativeTarget "EWMBProgressHUDTests" */ = {
			isa = XCConfigurationList;
			buildConfigurations = (
				79536D1021818F7600340397 /* Debug */,
				79536D1121818F7600340397 /* Release */,
			);
			defaultConfigurationIsVisible = 0;
			defaultConfigurationName = Release;
		};
		79536D1221818F7600340397 /* Build configuration list for PBXNativeTarget "EWMBProgressHUDUITests" */ = {
			isa = XCConfigurationList;
			buildConfigurations = (
				79536D1321818F7600340397 /* Debug */,
				79536D1421818F7600340397 /* Release */,
			);
			defaultConfigurationIsVisible = 0;
			defaultConfigurationName = Release;
		};
/* End XCConfigurationList section */
	};
	rootObject = 79536CDC21818F7000340397 /* Project object */;
}
